<?xml version="1.0" encoding="utf-8"?>
<Project ToolsVersion="16.0" xmlns="http://schemas.microsoft.com/developer/msbuild/2003">
  <ItemGroup>
    <CustomBuild Include="C:\Users\Kelson\Documents\Projects\lerp_thing\JUCE\cmake-build\tools\CMakeFiles\023d074cee9a0b7a5363fca8970aa509\generate.stamp.rule">
      <Filter>CMake Rules</Filter>
    </CustomBuild>
  </ItemGroup>
  <ItemGroup>
    <Filter Include="CMake Rules">
      <UniqueIdentifier>{4E969121-3F48-3592-8625-FD02C9F7D2D3}</UniqueIdentifier>
    </Filter>
  </ItemGroup>
</Project>
